
Microsoft Visual Studio Solution File, Format Version 12.00
# Visual Studio 15
VisualStudioVersion = 15.0.27428.2037
MinimumVisualStudioVersion = 10.0.40219.1
Project("{9A19103F-16F7-4668-BE54-9A1E7A4F7556}") = "BallonShop", "BallonShop\BallonShop.csproj", "{B073562B-0F51-4481-9A41-0B3FF2044CBC}"
EndProject
Project("{FAE04EC0-301F-11D3-BF4B-00C04F79EFBC}") = "BackgroundManagement", "BackgroundManagement\BackgroundManagement.csproj", "{C1C2D3FA-9394-4296-8492-631152B8C679}"
EndProject
Global
	GlobalSection(SolutionConfigurationPlatforms) = preSolution
		Debug|Any CPU = Debug|Any CPU
		Release|Any CPU = Release|Any CPU
	EndGlobalSection
	GlobalSection(ProjectConfigurationPlatforms) = postSolution
		{B073562B-0F51-4481-9A41-0B3FF2044CBC}.Debug|Any CPU.ActiveCfg = Debug|Any CPU
		{B073562B-0F51-4481-9A41-0B3FF2044CBC}.Debug|Any CPU.Build.0 = Debug|Any CPU
		{B073562B-0F51-4481-9A41-0B3FF2044CBC}.Release|Any CPU.ActiveCfg = Release|Any CPU
		{B073562B-0F51-4481-9A41-0B3FF2044CBC}.Release|Any CPU.Build.0 = Release|Any CPU
		{C1C2D3FA-9394-4296-8492-631152B8C679}.Debug|Any CPU.ActiveCfg = Debug|Any CPU
		{C1C2D3FA-9394-4296-8492-631152B8C679}.Debug|Any CPU.Build.0 = Debug|Any CPU
		{C1C2D3FA-9394-4296-8492-631152B8C679}.Release|Any CPU.ActiveCfg = Release|Any CPU
		{C1C2D3FA-9394-4296-8492-631152B8C679}.Release|Any CPU.Build.0 = Release|Any CPU
	EndGlobalSection
	GlobalSection(SolutionProperties) = preSolution
		HideSolutionNode = FALSE
	EndGlobalSection
	GlobalSection(ExtensibilityGlobals) = postSolution
		SolutionGuid = {18F10AB0-5FA5-4F8F-B549-EC65D2DB392B}
	EndGlobalSection
EndGlobal
